github.com/cshoredaniel/necolas-normalize.css v2.1.3+incompatible h1:g7i6hSxalTAJwTwNEm2rJOJYKJ+gLTCTVU5MDhMmnPY=
github.com/cshoredaniel/necolas-normalize.css v2.1.3+incompatible/go.mod h1:hIQuEJDaX3gyw6Dc1h8a1Jz2An2sEC7adEvouNCDezY=
github.com/cshoredaniel/necolas-normalize.css v2.1.4-0.20190824072103-16ca898b030e+incompatible h1:+SuxIZ8d586ItS/kVt3QUPEGVpd75PE6YYgZIRmDOXw=
github.com/cshoredaniel/necolas-normalize.css v2.1.4-0.20190824072103-16ca898b030e+incompatible/go.mod h1:hIQuEJDaX3gyw6Dc1h8a1Jz2An2sEC7adEvouNCDezY=
