github.com/cshoredaniel/julmot-mark.js v0.0.0-20181210172629-31a7315c6024 h1:HDBJTkLy15ac7NB+Kjv/XaPhohWgxjQlazIGE/P6qGc=
github.com/cshoredaniel/julmot-mark.js v0.0.0-20181210172629-31a7315c6024/go.mod h1:L69LVXjqqOcBSD0RJsBt2NKyCr/uDajUei44KyDaadU=
github.com/cshoredaniel/krisk-Fuse v1.5.2 h1:FyOlDrUCMQRfCUj5B4A3EHeaJVwMJeOF68+ZjrjGWIs=
github.com/cshoredaniel/krisk-Fuse v1.5.2/go.mod h1:434Ez74tgfxcK9MT4rtvYSEvM26lvKJ4ofJozK5kZtc=
github.com/cshoredaniel/krisk-\!fuse v1.5.2 h1:FyOlDrUCMQRfCUj5B4A3EHeaJVwMJeOF68+ZjrjGWIs=
github.com/cshoredaniel/krisk-\!fuse v1.5.2/go.mod h1:434Ez74tgfxcK9MT4rtvYSEvM26lvKJ4ofJozK5kZtc=
github.com/cshoredaniel/necolas-normalize.css v2.1.4-0.20190824072103-16ca898b030e+incompatible h1:+SuxIZ8d586ItS/kVt3QUPEGVpd75PE6YYgZIRmDOXw=
github.com/cshoredaniel/necolas-normalize.css v2.1.4-0.20190824072103-16ca898b030e+incompatible/go.mod h1:hIQuEJDaX3gyw6Dc1h8a1Jz2An2sEC7adEvouNCDezY=
github.com/cshoredaniel/necolas-normalize.css v8.0.2+incompatible h1:SMUe6f3rRSIJJMS4XvChSNICixPthdeayski0hGQv1o=
github.com/cshoredaniel/necolas-normalize.css v8.0.2+incompatible/go.mod h1:hIQuEJDaX3gyw6Dc1h8a1Jz2An2sEC7adEvouNCDezY=
github.com/cshoredaniel/new-oldnew-mashup v1.3.1-0.20200316010141-79ed0d38b620 h1:59jxOXiODY1q2KBD9GhALItJpBnbEiH/R768lk/WWK0=
github.com/cshoredaniel/new-oldnew-mashup v1.3.1-0.20200316010141-79ed0d38b620/go.mod h1:D8+B4x/o7blQzxJ2jMRCPHK0pqWO9Az/xHslgMhoky8=
github.com/cshoredaniel/new-oldnew-mashup v1.3.1-0.20200316014348-688b8a9db366 h1:AGwsWZncFgDZDYFvmj34aDPPftFNlkUkdkXvyh47lvc=
github.com/cshoredaniel/new-oldnew-mashup v1.3.1-0.20200316014348-688b8a9db366/go.mod h1:D8+B4x/o7blQzxJ2jMRCPHK0pqWO9Az/xHslgMhoky8=
github.com/cshoredaniel/new-oldnew-mashup v1.3.1-0.20200316015228-48a7502f7e10 h1:M4/Irn8ZBTcF5OF3Vk7UUgVQyFg8SgqrPnQkAEDVrhg=
github.com/cshoredaniel/new-oldnew-mashup v1.3.1-0.20200316015228-48a7502f7e10/go.mod h1:D8+B4x/o7blQzxJ2jMRCPHK0pqWO9Az/xHslgMhoky8=
github.com/cshoredaniel/new-oldnew-mashup v1.3.1-0.20200316020007-faae01a1e517 h1:vobzmyYRdlHM469AkuET7uLLxjqE6hj7HwZwRx3L0bI=
github.com/cshoredaniel/new-oldnew-mashup v1.3.1-0.20200316020007-faae01a1e517/go.mod h1:D8+B4x/o7blQzxJ2jMRCPHK0pqWO9Az/xHslgMhoky8=
