github.com/cshoredaniel/fusebar v0.2.0/go.mod h1:IT1gU8/4JY3Tfb1BlWcPGYCuXUVlprOtBWqqSeNj9JA=
github.com/cshoredaniel/julmot-mark.js v0.0.0-20181210172629-31a7315c6024/go.mod h1:L69LVXjqqOcBSD0RJsBt2NKyCr/uDajUei44KyDaadU=
github.com/cshoredaniel/krisk-Fuse v1.6.0/go.mod h1:434Ez74tgfxcK9MT4rtvYSEvM26lvKJ4ofJozK5kZtc=
github.com/cshoredaniel/necolas-normalize.css v8.0.2+incompatible/go.mod h1:hIQuEJDaX3gyw6Dc1h8a1Jz2An2sEC7adEvouNCDezY=
github.com/cshoredaniel/new-oldnew-mashup v1.3.2-0.20200317024529-f5237283cbd3/go.mod h1:oc486UWV8GWLY6dg+1Ydmzc3f9CDtwL7JiBkMOn6PUo=
